PODS:
  - libwebp (1.1.0):
    - libwebp/demux (= 1.1.0)
    - libwebp/mux (= 1.1.0)
    - libwebp/webp (= 1.1.0)
  - libwebp/demux (1.1.0):
    - libwebp/webp
  - libwebp/mux (1.1.0):
    - libwebp/demux
  - libwebp/webp (1.1.0)
  - SDWebImage (4.4.8):
    - SDWebImage/Core (= 4.4.8)
  - SDWebImage/Core (4.4.8)
  - SDWebImage/WebP (4.4.8):
    - libwebp (< 2.0, >= 0.5)
    - SDWebImage/Core

DEPENDENCIES:
  - SDWebImage
  - SDWebImage/WebP

SPEC REPOS:
  trunk:
    - libwebp
    - SDWebImage

SPEC CHECKSUMS:
  libwebp: 04242ef451672185c1fe41b285a034d2fbda483c
  SDWebImage: 783af2c3fa36291a250030c4752ee370a9a51d13

PODFILE CHECKSUM: 77d413ac714376f10913980b8fa74e14c2d8ebdd

COCOAPODS: 1.9.1
